<?xml version="1.0" encoding="utf-8"?>
<Project ToolsVersion="4.0" xmlns="http://schemas.microsoft.com/developer/msbuild/2003">
  <ItemGroup>
    <Filter Include="源文件">
      <UniqueIdentifier>{4FC737F1-C7A5-4376-A066-2A32D752A2FF}</UniqueIdentifier>
      <Extensions>cpp;c;cc;cxx;def;odl;idl;hpj;bat;asm;asmx</Extensions>
    </Filter>
    <Filter Include="头文件">
      <UniqueIdentifier>{93995380-89BD-4b04-88EB-625FBE52EBFB}</UniqueIdentifier>
      <Extensions>h;hpp;hxx;hm;inl;inc;xsd</Extensions>
    </Filter>
    <Filter Include="资源文件">
      <UniqueIdentifier>{67DA6AB6-F800-4c08-8B7A-83BB121AAD01}</UniqueIdentifier>
      <Extensions>rc;ico;cur;bmp;dlg;rc2;rct;bin;rgs;gif;jpg;jpeg;jpe;resx;tiff;tif;png;wav</Extensions>
    </Filter>
    <Filter Include="lua">
      <UniqueIdentifier>{cb0557a2-c4b3-409e-ae5b-0b5d0cadaafa}</UniqueIdentifier>
    </Filter>
  </ItemGroup>
  <ItemGroup>
    <ClCompile Include="..\..\..\src\ScriptEngine\LuaArray.cpp">
      <Filter>源文件</Filter>
    </ClCompile>
    <ClCompile Include="..\..\..\src\ScriptEngine\LuaPointer.cpp">
      <Filter>源文件</Filter>
    </ClCompile>
    <ClCompile Include="..\..\..\src\ScriptEngine\LuaScript.cpp">
      <Filter>源文件</Filter>
    </ClCompile>
    <ClCompile Include="..\..\..\src\ScriptEngine\ScriptEngine.cpp">
      <Filter>源文件</Filter>
    </ClCompile>
    <ClCompile Include="..\..\..\include\ScriptEngine\lapi.c">
      <Filter>lua</Filter>
    </ClCompile>
    <ClCompile Include="..\..\..\include\ScriptEngine\lauxlib.c">
      <Filter>lua</Filter>
    </ClCompile>
    <ClCompile Include="..\..\..\include\ScriptEngine\lbaselib.c">
      <Filter>lua</Filter>
    </ClCompile>
    <ClCompile Include="..\..\..\include\ScriptEngine\lcode.c">
      <Filter>lua</Filter>
    </ClCompile>
    <ClCompile Include="..\..\..\include\ScriptEngine\ldblib.c">
      <Filter>lua</Filter>
    </ClCompile>
    <ClCompile Include="..\..\..\include\ScriptEngine\ldebug.c">
      <Filter>lua</Filter>
    </ClCompile>
    <ClCompile Include="..\..\..\include\ScriptEngine\ldo.c">
      <Filter>lua</Filter>
    </ClCompile>
    <ClCompile Include="..\..\..\include\ScriptEngine\ldump.c">
      <Filter>lua</Filter>
    </ClCompile>
    <ClCompile Include="..\..\..\include\ScriptEngine\lfunc.c">
      <Filter>lua</Filter>
    </ClCompile>
    <ClCompile Include="..\..\..\include\ScriptEngine\lgc.c">
      <Filter>lua</Filter>
    </ClCompile>
    <ClCompile Include="..\..\..\include\ScriptEngine\linit.c">
      <Filter>lua</Filter>
    </ClCompile>
    <ClCompile Include="..\..\..\include\ScriptEngine\liolib.c">
      <Filter>lua</Filter>
    </ClCompile>
    <ClCompile Include="..\..\..\include\ScriptEngine\llex.c">
      <Filter>lua</Filter>
    </ClCompile>
    <ClCompile Include="..\..\..\include\ScriptEngine\lmathlib.c">
      <Filter>lua</Filter>
    </ClCompile>
    <ClCompile Include="..\..\..\include\ScriptEngine\lmem.c">
      <Filter>lua</Filter>
    </ClCompile>
    <ClCompile Include="..\..\..\include\ScriptEngine\loadlib.c">
      <Filter>lua</Filter>
    </ClCompile>
    <ClCompile Include="..\..\..\include\ScriptEngine\lobject.c">
      <Filter>lua</Filter>
    </ClCompile>
    <ClCompile Include="..\..\..\include\ScriptEngine\lopcodes.c">
      <Filter>lua</Filter>
    </ClCompile>
    <ClCompile Include="..\..\..\include\ScriptEngine\loslib.c">
      <Filter>lua</Filter>
    </ClCompile>
    <ClCompile Include="..\..\..\include\ScriptEngine\lparser.c">
      <Filter>lua</Filter>
    </ClCompile>
    <ClCompile Include="..\..\..\include\ScriptEngine\lstate.c">
      <Filter>lua</Filter>
    </ClCompile>
    <ClCompile Include="..\..\..\include\ScriptEngine\lstring.c">
      <Filter>lua</Filter>
    </ClCompile>
    <ClCompile Include="..\..\..\include\ScriptEngine\lstrlib.c">
      <Filter>lua</Filter>
    </ClCompile>
    <ClCompile Include="..\..\..\include\ScriptEngine\ltable.c">
      <Filter>lua</Filter>
    </ClCompile>
    <ClCompile Include="..\..\..\include\ScriptEngine\ltablib.c">
      <Filter>lua</Filter>
    </ClCompile>
    <ClCompile Include="..\..\..\include\ScriptEngine\ltm.c">
      <Filter>lua</Filter>
    </ClCompile>
    <ClCompile Include="..\..\..\include\ScriptEngine\lundump.c">
      <Filter>lua</Filter>
    </ClCompile>
    <ClCompile Include="..\..\..\include\ScriptEngine\lvm.c">
      <Filter>lua</Filter>
    </ClCompile>
    <ClCompile Include="..\..\..\include\ScriptEngine\lzio.c">
      <Filter>lua</Filter>
    </ClCompile>
    <ClCompile Include="..\..\..\include\ScriptEngine\print.c">
      <Filter>lua</Filter>
    </ClCompile>
  </ItemGroup>
  <ItemGroup>
    <ClInclude Include="..\..\..\include\ScriptEngine\LuaArray.h">
      <Filter>头文件</Filter>
    </ClInclude>
    <ClInclude Include="..\..\..\include\ScriptEngine\LuaClass.h">
      <Filter>头文件</Filter>
    </ClInclude>
    <ClInclude Include="..\..\..\include\ScriptEngine\LuaConfig.h">
      <Filter>头文件</Filter>
    </ClInclude>
    <ClInclude Include="..\..\..\include\ScriptEngine\LuaFunction.h">
      <Filter>头文件</Filter>
    </ClInclude>
    <ClInclude Include="..\..\..\include\ScriptEngine\LuaPackage.h">
      <Filter>头文件</Filter>
    </ClInclude>
    <ClInclude Include="..\..\..\include\ScriptEngine\LuaPointer.h">
      <Filter>头文件</Filter>
    </ClInclude>
    <ClInclude Include="..\..\..\include\ScriptEngine\LuaProxy.h">
      <Filter>头文件</Filter>
    </ClInclude>
    <ClInclude Include="..\..\..\include\ScriptEngine\LuaScript.h">
      <Filter>头文件</Filter>
    </ClInclude>
    <ClInclude Include="..\..\..\include\ScriptEngine\LuaTable.h">
      <Filter>头文件</Filter>
    </ClInclude>
    <ClInclude Include="..\..\..\include\ScriptEngine\ScriptEngine.h">
      <Filter>头文件</Filter>
    </ClInclude>
    <ClInclude Include="..\..\..\include\ScriptEngine\lapi.h">
      <Filter>lua</Filter>
    </ClInclude>
    <ClInclude Include="..\..\..\include\ScriptEngine\lauxlib.h">
      <Filter>lua</Filter>
    </ClInclude>
    <ClInclude Include="..\..\..\include\ScriptEngine\lcode.h">
      <Filter>lua</Filter>
    </ClInclude>
    <ClInclude Include="..\..\..\include\ScriptEngine\ldebug.h">
      <Filter>lua</Filter>
    </ClInclude>
    <ClInclude Include="..\..\..\include\ScriptEngine\ldo.h">
      <Filter>lua</Filter>
    </ClInclude>
    <ClInclude Include="..\..\..\include\ScriptEngine\lfunc.h">
      <Filter>lua</Filter>
    </ClInclude>
    <ClInclude Include="..\..\..\include\ScriptEngine\lgc.h">
      <Filter>lua</Filter>
    </ClInclude>
    <ClInclude Include="..\..\..\include\ScriptEngine\llex.h">
      <Filter>lua</Filter>
    </ClInclude>
    <ClInclude Include="..\..\..\include\ScriptEngine\llimits.h">
      <Filter>lua</Filter>
    </ClInclude>
    <ClInclude Include="..\..\..\include\ScriptEngine\lmem.h">
      <Filter>lua</Filter>
    </ClInclude>
    <ClInclude Include="..\..\..\include\ScriptEngine\lobject.h">
      <Filter>lua</Filter>
    </ClInclude>
    <ClInclude Include="..\..\..\include\ScriptEngine\lopcodes.h">
      <Filter>lua</Filter>
    </ClInclude>
    <ClInclude Include="..\..\..\include\ScriptEngine\lparser.h">
      <Filter>lua</Filter>
    </ClInclude>
    <ClInclude Include="..\..\..\include\ScriptEngine\lstate.h">
      <Filter>lua</Filter>
    </ClInclude>
    <ClInclude Include="..\..\..\include\ScriptEngine\lstring.h">
      <Filter>lua</Filter>
    </ClInclude>
    <ClInclude Include="..\..\..\include\ScriptEngine\ltable.h">
      <Filter>lua</Filter>
    </ClInclude>
    <ClInclude Include="..\..\..\include\ScriptEngine\ltm.h">
      <Filter>lua</Filter>
    </ClInclude>
    <ClInclude Include="..\..\..\include\ScriptEngine\lua.h">
      <Filter>lua</Filter>
    </ClInclude>
    <ClInclude Include="..\..\..\include\ScriptEngine\lua.hpp">
      <Filter>lua</Filter>
    </ClInclude>
    <ClInclude Include="..\..\..\include\ScriptEngine\luaconf.h">
      <Filter>lua</Filter>
    </ClInclude>
    <ClInclude Include="..\..\..\include\ScriptEngine\lualib.h">
      <Filter>lua</Filter>
    </ClInclude>
    <ClInclude Include="..\..\..\include\ScriptEngine\lundump.h">
      <Filter>lua</Filter>
    </ClInclude>
    <ClInclude Include="..\..\..\include\ScriptEngine\lvm.h">
      <Filter>lua</Filter>
    </ClInclude>
    <ClInclude Include="..\..\..\include\ScriptEngine\lzio.h">
      <Filter>lua</Filter>
    </ClInclude>
  </ItemGroup>
</Project>